
Microsoft Visual Studio Solution File, Format Version 12.00
# Visual Studio Version 17
VisualStudioVersion = 17.14.36603.0 d17.14
MinimumVisualStudioVersion = 10.0.40219.1
Project("{FAE04EC0-301F-11D3-BF4B-00C04F79EFBC}") = "Week 8 Day 3", "Week 8 Day 3.csproj", "{FF4C9114-0BA6-431B-A83C-A400C6329CC3}"
EndProject
Global
	GlobalSection(SolutionConfigurationPlatforms) = preSolution
		Debug|Any CPU = Debug|Any CPU
		Release|Any CPU = Release|Any CPU
	EndGlobalSection
	GlobalSection(ProjectConfigurationPlatforms) = postSolution
		{FF4C9114-0BA6-431B-A83C-A400C6329CC3}.Debug|Any CPU.ActiveCfg = Debug|Any CPU
		{FF4C9114-0BA6-431B-A83C-A400C6329CC3}.Debug|Any CPU.Build.0 = Debug|Any CPU
		{FF4C9114-0BA6-431B-A83C-A400C6329CC3}.Release|Any CPU.ActiveCfg = Release|Any CPU
		{FF4C9114-0BA6-431B-A83C-A400C6329CC3}.Release|Any CPU.Build.0 = Release|Any CPU
	EndGlobalSection
	GlobalSection(SolutionProperties) = preSolution
		HideSolutionNode = FALSE
	EndGlobalSection
	GlobalSection(ExtensibilityGlobals) = postSolution
		SolutionGuid = {0437AB3E-1055-440D-89D5-66D391E55D9F}
	EndGlobalSection
EndGlobal
